
Microsoft Visual Studio Solution File, Format Version 12.00
# Visual Studio Version 17
VisualStudioVersion = 17.3.32825.248
MinimumVisualStudioVersion = 10.0.40219.1
Project("{FAE04EC0-301F-11D3-BF4B-00C04F79EFBC}") = "ProjectManager", "ProjectManager.csproj", "{9FCCF380-1691-4B0A-AB1C-D0356AEF8792}"
EndProject
Global
	GlobalSection(SolutionConfigurationPlatforms) = preSolution
		Debug|Any CPU = Debug|Any CPU
		Release|Any CPU = Release|Any CPU
	EndGlobalSection
	GlobalSection(ProjectConfigurationPlatforms) = postSolution
		{9FCCF380-1691-4B0A-AB1C-D0356AEF8792}.Debug|Any CPU.ActiveCfg = Debug|Any CPU
		{9FCCF380-1691-4B0A-AB1C-D0356AEF8792}.Debug|Any CPU.Build.0 = Debug|Any CPU
		{9FCCF380-1691-4B0A-AB1C-D0356AEF8792}.Release|Any CPU.ActiveCfg = Release|Any CPU
		{9FCCF380-1691-4B0A-AB1C-D0356AEF8792}.Release|Any CPU.Build.0 = Release|Any CPU
	EndGlobalSection
	GlobalSection(SolutionProperties) = preSolution
		HideSolutionNode = FALSE
	EndGlobalSection
	GlobalSection(ExtensibilityGlobals) = postSolution
		SolutionGuid = {6928C554-38A5-48DA-89BF-490687586292}
	EndGlobalSection
EndGlobal
